<?xml version="1.0" encoding="UTF-8" standalone="yes" ?>
<CodeBlocks_project_file>
	<FileVersion major="1" minor="6" />
	<Project>
		<Option title="codeBlocks_igmp" />
		<Option pch_mode="2" />
		<Option compiler="gcc" />
		<Build>
			<Target title="Debug">
				<Option output="bin/Debug/codeBlocks_igmp" prefix_auto="1" extension_auto="1" />
				<Option object_output="obj/Debug/" />
				<Option type="1" />
				<Option compiler="gcc" />
				<Option parameters="vid 20" />
				<Compiler>
					<Add option="-g" />
				</Compiler>
			</Target>
			<Target title="Release">
				<Option output="bin/Release/codeBlocks_igmp" prefix_auto="1" extension_auto="1" />
				<Option object_output="obj/Release/" />
				<Option type="1" />
				<Option compiler="gcc" />
				<Option parameters="setup" />
				<Compiler>
					<Add option="-O2" />
				</Compiler>
				<Linker>
					<Add option="-s" />
				</Linker>
			</Target>
		</Build>
		<Compiler>
			<Add option="-Wall" />
		</Compiler>
		<Unit filename="1.c">
			<Option compilerVar="CC" />
		</Unit>
		<Unit filename="description.txt" />
		<Unit filename="igmp.c">
			<Option compilerVar="CC" />
		</Unit>
		<Unit filename="igmp.h" />
		<Unit filename="main.h" />
		<Unit filename="params.c">
			<Option compilerVar="CC" />
		</Unit>
		<Unit filename="params.h" />
		<Unit filename="saveToFiles.c">
			<Option compilerVar="CC" />
		</Unit>
		<Unit filename="saveToFiles.h" />
		<Unit filename="startup.c">
			<Option compilerVar="CC" />
		</Unit>
		<Unit filename="startup.h" />
		<Extensions />
	</Project>
</CodeBlocks_project_file>
